
Microsoft Visual Studio Solution File, Format Version 12.00
# Visual Studio 15
VisualStudioVersion = 15.0.28010.2036
MinimumVisualStudioVersion = 10.0.40219.1
Project("{FE7A1B72-C5B7-4D7C-BB7D-76384D4DE8E1}") = "TcHmiFrameworkControls", "TcHmiFrameworkControls\TcHmiFrameworkControls.hmiproj", "{D6318CC8-5F63-45F8-9329-CB2D7AD694A2}"
EndProject
Global
	GlobalSection(SolutionConfigurationPlatforms) = preSolution
		Debug|TwinCAT HMI = Debug|TwinCAT HMI
		Release|TwinCAT HMI = Release|TwinCAT HMI
	EndGlobalSection
	GlobalSection(ProjectConfigurationPlatforms) = postSolution
		{D6318CC8-5F63-45F8-9329-CB2D7AD694A2}.Debug|TwinCAT HMI.ActiveCfg = Debug|TwinCAT HMI
		{D6318CC8-5F63-45F8-9329-CB2D7AD694A2}.Debug|TwinCAT HMI.Build.0 = Debug|TwinCAT HMI
		{D6318CC8-5F63-45F8-9329-CB2D7AD694A2}.Release|TwinCAT HMI.ActiveCfg = Release|TwinCAT HMI
		{D6318CC8-5F63-45F8-9329-CB2D7AD694A2}.Release|TwinCAT HMI.Build.0 = Release|TwinCAT HMI
	EndGlobalSection
	GlobalSection(SolutionProperties) = preSolution
		HideSolutionNode = FALSE
	EndGlobalSection
	GlobalSection(ExtensibilityGlobals) = postSolution
		SolutionGuid = {A1DB002E-B01F-46A2-966B-67EA58A5C84F}
	EndGlobalSection
EndGlobal
